// !$*UTF8*$!
{
	archiveVersion = 1;
	classes = {
	};
	objectVersion = 50;
	objects = {

/* Begin PBXBuildFile section */
		598CB74525DB5F18000092AC /* AppDelegate.swift in Sources */ = {isa = PBXBuildFile; fileRef = 598CB74425DB5F18000092AC /* AppDelegate.swift */; };
		598CB74725DB5F18000092AC /* SceneDelegate.swift in Sources */ = {isa = PBXBuildFile; fileRef = 598CB74625DB5F18000092AC /* SceneDelegate.swift */; };
		598CB74E25DB5F1A000092AC /* Assets.xcassets in Resources */ = {isa = PBXBuildFile; fileRef = 598CB74D25DB5F1A000092AC /* Assets.xcassets */; };
		598CB75125DB5F1A000092AC /* LaunchScreen.storyboard in Resources */ = {isa = PBXBuildFile; fileRef = 598CB74F25DB5F1A000092AC /* LaunchScreen.storyboard */; };
		598CB75D25DB5FF1000092AC /* CurrentWeatherVC.swift in Sources */ = {isa = PBXBuildFile; fileRef = 598CB75C25DB5FF1000092AC /* CurrentWeatherVC.swift */; };
		598CB76625DB687F000092AC /* Constants.swift in Sources */ = {isa = PBXBuildFile; fileRef = 598CB76525DB687F000092AC /* Constants.swift */; };
		598CB76925DB6DEC000092AC /* WeatherImageView.swift in Sources */ = {isa = PBXBuildFile; fileRef = 598CB76825DB6DEC000092AC /* WeatherImageView.swift */; };
		598CB76C25DB6F15000092AC /* WeatherLabel.swift in Sources */ = {isa = PBXBuildFile; fileRef = 598CB76B25DB6F15000092AC /* WeatherLabel.swift */; };
		598CB77125DB7A41000092AC /* WeatherButton.swift in Sources */ = {isa = PBXBuildFile; fileRef = 598CB77025DB7A41000092AC /* WeatherButton.swift */; };
/* End PBXBuildFile section */

/* Begin PBXFileReference section */
		598CB74125DB5F18000092AC /* MyWeather.app */ = {isa = PBXFileReference; explicitFileType = wrapper.application; includeInIndex = 0; path = MyWeather.app; sourceTree = BUILT_PRODUCTS_DIR; };
		598CB74425DB5F18000092AC /* AppDelegate.swift */ = {isa = PBXFileReference; lastKnownFileType = sourcecode.swift; path = AppDelegate.swift; sourceTree = "<group>"; };
		598CB74625DB5F18000092AC /* SceneDelegate.swift */ = {isa = PBXFileReference; lastKnownFileType = sourcecode.swift; path = SceneDelegate.swift; sourceTree = "<group>"; };
		598CB74D25DB5F1A000092AC /* Assets.xcassets */ = {isa = PBXFileReference; lastKnownFileType = folder.assetcatalog; path = Assets.xcassets; sourceTree = "<group>"; };
		598CB75025DB5F1A000092AC /* Base */ = {isa = PBXFileReference; lastKnownFileType = file.storyboard; name = Base; path = Base.lproj/LaunchScreen.storyboard; sourceTree = "<group>"; };
		598CB75225DB5F1A000092AC /* Info.plist */ = {isa = PBXFileReference; lastKnownFileType = text.plist.xml; path = Info.plist; sourceTree = "<group>"; };
		598CB75C25DB5FF1000092AC /* CurrentWeatherVC.swift */ = {isa = PBXFileReference; lastKnownFileType = sourcecode.swift; path = CurrentWeatherVC.swift; sourceTree = "<group>"; };
		598CB76525DB687F000092AC /* Constants.swift */ = {isa = PBXFileReference; lastKnownFileType = sourcecode.swift; path = Constants.swift; sourceTree = "<group>"; };
		598CB76825DB6DEC000092AC /* WeatherImageView.swift */ = {isa = PBXFileReference; lastKnownFileType = sourcecode.swift; path = WeatherImageView.swift; sourceTree = "<group>"; };
		598CB76B25DB6F15000092AC /* WeatherLabel.swift */ = {isa = PBXFileReference; lastKnownFileType = sourcecode.swift; path = WeatherLabel.swift; sourceTree = "<group>"; };
		598CB77025DB7A41000092AC /* WeatherButton.swift */ = {isa = PBXFileReference; lastKnownFileType = sourcecode.swift; path = WeatherButton.swift; sourceTree = "<group>"; };
/* End PBXFileReference section */

/* Begin PBXFrameworksBuildPhase section */
		598CB73E25DB5F18000092AC /* Frameworks */ = {
			isa = PBXFrameworksBuildPhase;
			buildActionMask = 2147483647;
			files = (
			);
			runOnlyForDeploymentPostprocessing = 0;
		};
/* End PBXFrameworksBuildPhase section */

/* Begin PBXGroup section */
		598CB73825DB5F18000092AC = {
			isa = PBXGroup;
			children = (
				598CB74325DB5F18000092AC /* MyWeather */,
				598CB74225DB5F18000092AC /* Products */,
			);
			sourceTree = "<group>";
		};
		598CB74225DB5F18000092AC /* Products */ = {
			isa = PBXGroup;
			children = (
				598CB74125DB5F18000092AC /* MyWeather.app */,
			);
			name = Products;
			sourceTree = "<group>";
		};
		598CB74325DB5F18000092AC /* MyWeather */ = {
			isa = PBXGroup;
			children = (
				598CB76325DB6839000092AC /* Utilities */,
				598CB76125DB67D6000092AC /* Views */,
				598CB76025DB67CD000092AC /* Model */,
				598CB75B25DB5FD8000092AC /* Screens */,
				598CB74425DB5F18000092AC /* AppDelegate.swift */,
				598CB74625DB5F18000092AC /* SceneDelegate.swift */,
				598CB74D25DB5F1A000092AC /* Assets.xcassets */,
				598CB74F25DB5F1A000092AC /* LaunchScreen.storyboard */,
				598CB75225DB5F1A000092AC /* Info.plist */,
			);
			path = MyWeather;
			sourceTree = "<group>";
		};
		598CB75B25DB5FD8000092AC /* Screens */ = {
			isa = PBXGroup;
			children = (
				598CB75C25DB5FF1000092AC /* CurrentWeatherVC.swift */,
			);
			path = Screens;
			sourceTree = "<group>";
		};
		598CB76025DB67CD000092AC /* Model */ = {
			isa = PBXGroup;
			children = (
			);
			path = Model;
			sourceTree = "<group>";
		};
		598CB76125DB67D6000092AC /* Views */ = {
			isa = PBXGroup;
			children = (
				598CB76825DB6DEC000092AC /* WeatherImageView.swift */,
				598CB76B25DB6F15000092AC /* WeatherLabel.swift */,
				598CB77025DB7A41000092AC /* WeatherButton.swift */,
			);
			path = Views;
			sourceTree = "<group>";
		};
		598CB76325DB6839000092AC /* Utilities */ = {
			isa = PBXGroup;
			children = (
				598CB76525DB687F000092AC /* Constants.swift */,
			);
			path = Utilities;
			sourceTree = "<group>";
		};
/* End PBXGroup section */

/* Begin PBXNativeTarget section */
		598CB74025DB5F18000092AC /* MyWeather */ = {
			isa = PBXNativeTarget;
			buildConfigurationList = 598CB75525DB5F1A000092AC /* Build configuration list for PBXNativeTarget "MyWeather" */;
			buildPhases = (
				598CB73D25DB5F18000092AC /* Sources */,
				598CB73E25DB5F18000092AC /* Frameworks */,
				598CB73F25DB5F18000092AC /* Resources */,
			);
			buildRules = (
			);
			dependencies = (
			);
			name = MyWeather;
			productName = MyWeather;
			productReference = 598CB74125DB5F18000092AC /* MyWeather.app */;
			productType = "com.apple.product-type.application";
		};
/* End PBXNativeTarget section */

/* Begin PBXProject section */
		598CB73925DB5F18000092AC /* Project object */ = {
			isa = PBXProject;
			attributes = {
				LastSwiftUpdateCheck = 1240;
				LastUpgradeCheck = 1240;
				TargetAttributes = {
					598CB74025DB5F18000092AC = {
						CreatedOnToolsVersion = 12.4;
					};
				};
			};
			buildConfigurationList = 598CB73C25DB5F18000092AC /* Build configuration list for PBXProject "MyWeather" */;
			compatibilityVersion = "Xcode 9.3";
			developmentRegion = en;
			hasScannedForEncodings = 0;
			knownRegions = (
				en,
				Base,
			);
			mainGroup = 598CB73825DB5F18000092AC;
			productRefGroup = 598CB74225DB5F18000092AC /* Products */;
			projectDirPath = "";
			projectRoot = "";
			targets = (
				598CB74025DB5F18000092AC /* MyWeather */,
			);
		};
/* End PBXProject section */

/* Begin PBXResourcesBuildPhase section */
		598CB73F25DB5F18000092AC /* Resources */ = {
			isa = PBXResourcesBuildPhase;
			buildActionMask = 2147483647;
			files = (
				598CB75125DB5F1A000092AC /* LaunchScreen.storyboard in Resources */,
				598CB74E25DB5F1A000092AC /* Assets.xcassets in Resources */,
			);
			runOnlyForDeploymentPostprocessing = 0;
		};
/* End PBXResourcesBuildPhase section */

/* Begin PBXSourcesBuildPhase section */
		598CB73D25DB5F18000092AC /* Sources */ = {
			isa = PBXSourcesBuildPhase;
			buildActionMask = 2147483647;
			files = (
				598CB74525DB5F18000092AC /* AppDelegate.swift in Sources */,
				598CB77125DB7A41000092AC /* WeatherButton.swift in Sources */,
				598CB76C25DB6F15000092AC /* WeatherLabel.swift in Sources */,
				598CB75D25DB5FF1000092AC /* CurrentWeatherVC.swift in Sources */,
				598CB76925DB6DEC000092AC /* WeatherImageView.swift in Sources */,
				598CB74725DB5F18000092AC /* SceneDelegate.swift in Sources */,
				598CB76625DB687F000092AC /* Constants.swift in Sources */,
			);
			runOnlyForDeploymentPostprocessing = 0;
		};
/* End PBXSourcesBuildPhase section */

/* Begin PBXVariantGroup section */
		598CB74F25DB5F1A000092AC /* LaunchScreen.storyboard */ = {
			isa = PBXVariantGroup;
			children = (
				598CB75025DB5F1A000092AC /* Base */,
			);
			name = LaunchScreen.storyboard;
			sourceTree = "<group>";
		};
/* End PBXVariantGroup section */

/* Begin XCBuildConfiguration section */
		598CB75325DB5F1A000092AC /* Debug */ = {
			isa = XCBuildConfiguration;
			buildSettings = {
				ALWAYS_SEARCH_USER_PATHS = NO;
				CLANG_ANALYZER_NONNULL = YES;
				CLANG_ANALYZER_NUMBER_OBJECT_CONVERSION = YES_AGGRESSIVE;
				CLANG_CXX_LANGUAGE_STANDARD = "gnu++14";
				CLANG_CXX_LIBRARY = "libc++";
				CLANG_ENABLE_MODULES = YES;
				CLANG_ENABLE_OBJC_ARC = YES;
				CLANG_ENABLE_OBJC_WEAK = YES;
				CLANG_WARN_BLOCK_CAPTURE_AUTORELEASING = YES;
				CLANG_WARN_BOOL_CONVERSION = YES;
				CLANG_WARN_COMMA = YES;
				CLANG_WARN_CONSTANT_CONVERSION = YES;
				CLANG_WARN_DEPRECATED_OBJC_IMPLEMENTATIONS = YES;
				CLANG_WARN_DIRECT_OBJC_ISA_USAGE = YES_ERROR;
				CLANG_WARN_DOCUMENTATION_COMMENTS = YES;
				CLANG_WARN_EMPTY_BODY = YES;
				CLANG_WARN_ENUM_CONVERSION = YES;
				CLANG_WARN_INFINITE_RECURSION = YES;
				CLANG_WARN_INT_CONVERSION = YES;
				CLANG_WARN_NON_LITERAL_NULL_CONVERSION = YES;
				CLANG_WARN_OBJC_IMPLICIT_RETAIN_SELF = YES;
				CLANG_WARN_OBJC_LITERAL_CONVERSION = YES;
				CLANG_WARN_OBJC_ROOT_CLASS = YES_ERROR;
				CLANG_WARN_QUOTED_INCLUDE_IN_FRAMEWORK_HEADER = YES;
				CLANG_WARN_RANGE_LOOP_ANALYSIS = YES;
				CLANG_WARN_STRICT_PROTOTYPES = YES;
				CLANG_WARN_SUSPICIOUS_MOVE = YES;
				CLANG_WARN_UNGUARDED_AVAILABILITY = YES_AGGRESSIVE;
				CLANG_WARN_UNREACHABLE_CODE = YES;
				CLANG_WARN__DUPLICATE_METHOD_MATCH = YES;
				COPY_PHASE_STRIP = NO;
				DEBUG_INFORMATION_FORMAT = dwarf;
				ENABLE_STRICT_OBJC_MSGSEND = YES;
				ENABLE_TESTABILITY = YES;
				GCC_C_LANGUAGE_STANDARD = gnu11;
				GCC_DYNAMIC_NO_PIC = NO;
				GCC_NO_COMMON_BLOCKS = YES;
				GCC_OPTIMIZATION_LEVEL = 0;
				GCC_PREPROCESSOR_DEFINITIONS = (
					"DEBUG=1",
					"$(inherited)",
				);
				GCC_WARN_64_TO_32_BIT_CONVERSION = YES;
				GCC_WARN_ABOUT_RETURN_TYPE = YES_ERROR;
				GCC_WARN_UNDECLARED_SELECTOR = YES;
				GCC_WARN_UNINITIALIZED_AUTOS = YES_AGGRESSIVE;
				GCC_WARN_UNUSED_FUNCTION = YES;
				GCC_WARN_UNUSED_VARIABLE = YES;
				IPHONEOS_DEPLOYMENT_TARGET = 14.4;
				MTL_ENABLE_DEBUG_INFO = INCLUDE_SOURCE;
				MTL_FAST_MATH = YES;
				ONLY_ACTIVE_ARCH = YES;
				SDKROOT = iphoneos;
				SWIFT_ACTIVE_COMPILATION_CONDITIONS = DEBUG;
				SWIFT_OPTIMIZATION_LEVEL = "-Onone";
			};
			name = Debug;
		};
		598CB75425DB5F1A000092AC /* Release */ = {
			isa = XCBuildConfiguration;
			buildSettings = {
				ALWAYS_SEARCH_USER_PATHS = NO;
				CLANG_ANALYZER_NONNULL = YES;
				CLANG_ANALYZER_NUMBER_OBJECT_CONVERSION = YES_AGGRESSIVE;
				CLANG_CXX_LANGUAGE_STANDARD = "gnu++14";
				CLANG_CXX_LIBRARY = "libc++";
				CLANG_ENABLE_MODULES = YES;
				CLANG_ENABLE_OBJC_ARC = YES;
				CLANG_ENABLE_OBJC_WEAK = YES;
				CLANG_WARN_BLOCK_CAPTURE_AUTORELEASING = YES;
				CLANG_WARN_BOOL_CONVERSION = YES;
				CLANG_WARN_COMMA = YES;
				CLANG_WARN_CONSTANT_CONVERSION = YES;
				CLANG_WARN_DEPRECATED_OBJC_IMPLEMENTATIONS = YES;
				CLANG_WARN_DIRECT_OBJC_ISA_USAGE = YES_ERROR;
				CLANG_WARN_DOCUMENTATION_COMMENTS = YES;
				CLANG_WARN_EMPTY_BODY = YES;
				CLANG_WARN_ENUM_CONVERSION = YES;
				CLANG_WARN_INFINITE_RECURSION = YES;
				CLANG_WARN_INT_CONVERSION = YES;
				CLANG_WARN_NON_LITERAL_NULL_CONVERSION = YES;
				CLANG_WARN_OBJC_IMPLICIT_RETAIN_SELF = YES;
				CLANG_WARN_OBJC_LITERAL_CONVERSION = YES;
				CLANG_WARN_OBJC_ROOT_CLASS = YES_ERROR;
				CLANG_WARN_QUOTED_INCLUDE_IN_FRAMEWORK_HEADER = YES;
				CLANG_WARN_RANGE_LOOP_ANALYSIS = YES;
				CLANG_WARN_STRICT_PROTOTYPES = YES;
				CLANG_WARN_SUSPICIOUS_MOVE = YES;
				CLANG_WARN_UNGUARDED_AVAILABILITY = YES_AGGRESSIVE;
				CLANG_WARN_UNREACHABLE_CODE = YES;
				CLANG_WARN__DUPLICATE_METHOD_MATCH = YES;
				COPY_PHASE_STRIP = NO;
				DEBUG_INFORMATION_FORMAT = "dwarf-with-dsym";
				ENABLE_NS_ASSERTIONS = NO;
				ENABLE_STRICT_OBJC_MSGSEND = YES;
				GCC_C_LANGUAGE_STANDARD = gnu11;
				GCC_NO_COMMON_BLOCKS = YES;
				GCC_WARN_64_TO_32_BIT_CONVERSION = YES;
				GCC_WARN_ABOUT_RETURN_TYPE = YES_ERROR;
				GCC_WARN_UNDECLARED_SELECTOR = YES;
				GCC_WARN_UNINITIALIZED_AUTOS = YES_AGGRESSIVE;
				GCC_WARN_UNUSED_FUNCTION = YES;
				GCC_WARN_UNUSED_VARIABLE = YES;
				IPHONEOS_DEPLOYMENT_TARGET = 14.4;
				MTL_ENABLE_DEBUG_INFO = NO;
				MTL_FAST_MATH = YES;
				SDKROOT = iphoneos;
				SWIFT_COMPILATION_MODE = wholemodule;
				SWIFT_OPTIMIZATION_LEVEL = "-O";
				VALIDATE_PRODUCT = YES;
			};
			name = Release;
		};
		598CB75625DB5F1A000092AC /* Debug */ = {
			isa = XCBuildConfiguration;
			buildSettings = {
				ASSETCATALOG_COMPILER_APPICON_NAME = AppIcon;
				ASSETCATALOG_COMPILER_GLOBAL_ACCENT_COLOR_NAME = AccentColor;
				CODE_SIGN_STYLE = Automatic;
				DEVELOPMENT_TEAM = P768VTR66A;
				INFOPLIST_FILE = MyWeather/Info.plist;
				LD_RUNPATH_SEARCH_PATHS = (
					"$(inherited)",
					"@executable_path/Frameworks",
				);
				PRODUCT_BUNDLE_IDENTIFIER = TalismanMobile.MyWeather;
				PRODUCT_NAME = "$(TARGET_NAME)";
				SWIFT_VERSION = 5.0;
				TARGETED_DEVICE_FAMILY = "1,2";
			};
			name = Debug;
		};
		598CB75725DB5F1A000092AC /* Release */ = {
			isa = XCBuildConfiguration;
			buildSettings = {
				ASSETCATALOG_COMPILER_APPICON_NAME = AppIcon;
				ASSETCATALOG_COMPILER_GLOBAL_ACCENT_COLOR_NAME = AccentColor;
				CODE_SIGN_STYLE = Automatic;
				DEVELOPMENT_TEAM = P768VTR66A;
				INFOPLIST_FILE = MyWeather/Info.plist;
				LD_RUNPATH_SEARCH_PATHS = (
					"$(inherited)",
					"@executable_path/Frameworks",
				);
				PRODUCT_BUNDLE_IDENTIFIER = TalismanMobile.MyWeather;
				PRODUCT_NAME = "$(TARGET_NAME)";
				SWIFT_VERSION = 5.0;
				TARGETED_DEVICE_FAMILY = "1,2";
			};
			name = Release;
		};
/* End XCBuildConfiguration section */

/* Begin XCConfigurationList section */
		598CB73C25DB5F18000092AC /* Build configuration list for PBXProject "MyWeather" */ = {
			isa = XCConfigurationList;
			buildConfigurations = (
				598CB75325DB5F1A000092AC /* Debug */,
				598CB75425DB5F1A000092AC /* Release */,
			);
			defaultConfigurationIsVisible = 0;
			defaultConfigurationName = Release;
		};
		598CB75525DB5F1A000092AC /* Build configuration list for PBXNativeTarget "MyWeather" */ = {
			isa = XCConfigurationList;
			buildConfigurations = (
				598CB75625DB5F1A000092AC /* Debug */,
				598CB75725DB5F1A000092AC /* Release */,
			);
			defaultConfigurationIsVisible = 0;
			defaultConfigurationName = Release;
		};
/* End XCConfigurationList section */
	};
	rootObject = 598CB73925DB5F18000092AC /* Project object */;
}
